// !$*UTF8*$!
{
	archiveVersion = 1;
	classes = {
	};
	objectVersion = 52;
	objects = {

/* Begin PBXBuildFile section */
		60108E4E26481F200014CE69 /* AppDelegate.swift in Sources */ = {isa = PBXBuildFile; fileRef = 60108E4D26481F200014CE69 /* AppDelegate.swift */; };
		60108E5026481F200014CE69 /* SceneDelegate.swift in Sources */ = {isa = PBXBuildFile; fileRef = 60108E4F26481F200014CE69 /* SceneDelegate.swift */; };
		60108E5226481F200014CE69 /* ViewController.swift in Sources */ = {isa = PBXBuildFile; fileRef = 60108E5126481F200014CE69 /* ViewController.swift */; };
		60108E5526481F210014CE69 /* Main.storyboard in Resources */ = {isa = PBXBuildFile; fileRef = 60108E5326481F210014CE69 /* Main.storyboard */; };
		60108E5726481F240014CE69 /* Assets.xcassets in Resources */ = {isa = PBXBuildFile; fileRef = 60108E5626481F240014CE69 /* Assets.xcassets */; };
		60108E5A26481F240014CE69 /* LaunchScreen.storyboard in Resources */ = {isa = PBXBuildFile; fileRef = 60108E5826481F240014CE69 /* LaunchScreen.storyboard */; };
		60108E6526481F240014CE69 /* dindinnTests.swift in Sources */ = {isa = PBXBuildFile; fileRef = 60108E6426481F240014CE69 /* dindinnTests.swift */; };
		60108E7026481F240014CE69 /* dindinnUITests.swift in Sources */ = {isa = PBXBuildFile; fileRef = 60108E6F26481F240014CE69 /* dindinnUITests.swift */; };
		60108E7F264820D80014CE69 /* RxSwift in Frameworks */ = {isa = PBXBuildFile; productRef = 60108E7E264820D80014CE69 /* RxSwift */; };
		60108E83264820D80014CE69 /* RxRelay in Frameworks */ = {isa = PBXBuildFile; productRef = 60108E82264820D80014CE69 /* RxRelay */; };
		60108E85264820D80014CE69 /* RxCocoa in Frameworks */ = {isa = PBXBuildFile; productRef = 60108E84264820D80014CE69 /* RxCocoa */; };
		60108E98264835680014CE69 /* HeadlineService.swift in Sources */ = {isa = PBXBuildFile; fileRef = 60108E97264835680014CE69 /* HeadlineService.swift */; };
		60108E9A2648357D0014CE69 /* HeadlineServiceTest.swift in Sources */ = {isa = PBXBuildFile; fileRef = 60108E992648357D0014CE69 /* HeadlineServiceTest.swift */; };
		60108E9D26483C2D0014CE69 /* RxTest in Frameworks */ = {isa = PBXBuildFile; productRef = 60108E9C26483C2D0014CE69 /* RxTest */; };
		60108E9F26483C320014CE69 /* RxBlocking in Frameworks */ = {isa = PBXBuildFile; productRef = 60108E9E26483C320014CE69 /* RxBlocking */; };
/* End PBXBuildFile section */

/* Begin PBXContainerItemProxy section */
		60108E6126481F240014CE69 /* PBXContainerItemProxy */ = {
			isa = PBXContainerItemProxy;
			containerPortal = 60108E4226481F200014CE69 /* Project object */;
			proxyType = 1;
			remoteGlobalIDString = 60108E4926481F200014CE69;
			remoteInfo = dindinn;
		};
		60108E6C26481F240014CE69 /* PBXContainerItemProxy */ = {
			isa = PBXContainerItemProxy;
			containerPortal = 60108E4226481F200014CE69 /* Project object */;
			proxyType = 1;
			remoteGlobalIDString = 60108E4926481F200014CE69;
			remoteInfo = dindinn;
		};
/* End PBXContainerItemProxy section */

/* Begin PBXFileReference section */
		60108E4A26481F200014CE69 /* dindinn.app */ = {isa = PBXFileReference; explicitFileType = wrapper.application; includeInIndex = 0; path = dindinn.app; sourceTree = BUILT_PRODUCTS_DIR; };
		60108E4D26481F200014CE69 /* AppDelegate.swift */ = {isa = PBXFileReference; lastKnownFileType = sourcecode.swift; path = AppDelegate.swift; sourceTree = "<group>"; };
		60108E4F26481F200014CE69 /* SceneDelegate.swift */ = {isa = PBXFileReference; lastKnownFileType = sourcecode.swift; path = SceneDelegate.swift; sourceTree = "<group>"; };
		60108E5126481F200014CE69 /* ViewController.swift */ = {isa = PBXFileReference; lastKnownFileType = sourcecode.swift; path = ViewController.swift; sourceTree = "<group>"; };
		60108E5426481F210014CE69 /* Base */ = {isa = PBXFileReference; lastKnownFileType = file.storyboard; name = Base; path = Base.lproj/Main.storyboard; sourceTree = "<group>"; };
		60108E5626481F240014CE69 /* Assets.xcassets */ = {isa = PBXFileReference; lastKnownFileType = folder.assetcatalog; path = Assets.xcassets; sourceTree = "<group>"; };
		60108E5926481F240014CE69 /* Base */ = {isa = PBXFileReference; lastKnownFileType = file.storyboard; name = Base; path = Base.lproj/LaunchScreen.storyboard; sourceTree = "<group>"; };
		60108E5B26481F240014CE69 /* Info.plist */ = {isa = PBXFileReference; lastKnownFileType = text.plist.xml; path = Info.plist; sourceTree = "<group>"; };
		60108E6026481F240014CE69 /* dindinnTests.xctest */ = {isa = PBXFileReference; explicitFileType = wrapper.cfbundle; includeInIndex = 0; path = dindinnTests.xctest; sourceTree = BUILT_PRODUCTS_DIR; };
		60108E6426481F240014CE69 /* dindinnTests.swift */ = {isa = PBXFileReference; lastKnownFileType = sourcecode.swift; path = dindinnTests.swift; sourceTree = "<group>"; };
		60108E6626481F240014CE69 /* Info.plist */ = {isa = PBXFileReference; lastKnownFileType = text.plist.xml; path = Info.plist; sourceTree = "<group>"; };
		60108E6B26481F240014CE69 /* dindinnUITests.xctest */ = {isa = PBXFileReference; explicitFileType = wrapper.cfbundle; includeInIndex = 0; path = dindinnUITests.xctest; sourceTree = BUILT_PRODUCTS_DIR; };
		60108E6F26481F240014CE69 /* dindinnUITests.swift */ = {isa = PBXFileReference; lastKnownFileType = sourcecode.swift; path = dindinnUITests.swift; sourceTree = "<group>"; };
		60108E7126481F240014CE69 /* Info.plist */ = {isa = PBXFileReference; lastKnownFileType = text.plist.xml; path = Info.plist; sourceTree = "<group>"; };
		60108E97264835680014CE69 /* HeadlineService.swift */ = {isa = PBXFileReference; lastKnownFileType = sourcecode.swift; path = HeadlineService.swift; sourceTree = "<group>"; };
		60108E992648357D0014CE69 /* HeadlineServiceTest.swift */ = {isa = PBXFileReference; lastKnownFileType = sourcecode.swift; path = HeadlineServiceTest.swift; sourceTree = "<group>"; };
/* End PBXFileReference section */

/* Begin PBXFrameworksBuildPhase section */
		60108E4726481F200014CE69 /* Frameworks */ = {
			isa = PBXFrameworksBuildPhase;
			buildActionMask = 2147483647;
			files = (
				60108E83264820D80014CE69 /* RxRelay in Frameworks */,
				60108E85264820D80014CE69 /* RxCocoa in Frameworks */,
				60108E7F264820D80014CE69 /* RxSwift in Frameworks */,
			);
			runOnlyForDeploymentPostprocessing = 0;
		};
		60108E5D26481F240014CE69 /* Frameworks */ = {
			isa = PBXFrameworksBuildPhase;
			buildActionMask = 2147483647;
			files = (
				60108E9D26483C2D0014CE69 /* RxTest in Frameworks */,
				60108E9F26483C320014CE69 /* RxBlocking in Frameworks */,
			);
			runOnlyForDeploymentPostprocessing = 0;
		};
		60108E6826481F240014CE69 /* Frameworks */ = {
			isa = PBXFrameworksBuildPhase;
			buildActionMask = 2147483647;
			files = (
			);
			runOnlyForDeploymentPostprocessing = 0;
		};
/* End PBXFrameworksBuildPhase section */

/* Begin PBXGroup section */
		60108E4126481F200014CE69 = {
			isa = PBXGroup;
			children = (
				60108E4C26481F200014CE69 /* dindinn */,
				60108E6326481F240014CE69 /* dindinnTests */,
				60108E6E26481F240014CE69 /* dindinnUITests */,
				60108E4B26481F200014CE69 /* Products */,
				60108E9B26483C2D0014CE69 /* Frameworks */,
			);
			sourceTree = "<group>";
		};
		60108E4B26481F200014CE69 /* Products */ = {
			isa = PBXGroup;
			children = (
				60108E4A26481F200014CE69 /* dindinn.app */,
				60108E6026481F240014CE69 /* dindinnTests.xctest */,
				60108E6B26481F240014CE69 /* dindinnUITests.xctest */,
			);
			name = Products;
			sourceTree = "<group>";
		};
		60108E4C26481F200014CE69 /* dindinn */ = {
			isa = PBXGroup;
			children = (
				60108E882648324C0014CE69 /* Adapter */,
				60108E4D26481F200014CE69 /* AppDelegate.swift */,
				60108E4F26481F200014CE69 /* SceneDelegate.swift */,
				60108E5126481F200014CE69 /* ViewController.swift */,
				60108E5326481F210014CE69 /* Main.storyboard */,
				60108E5626481F240014CE69 /* Assets.xcassets */,
				60108E5826481F240014CE69 /* LaunchScreen.storyboard */,
				60108E5B26481F240014CE69 /* Info.plist */,
			);
			path = dindinn;
			sourceTree = "<group>";
		};
		60108E6326481F240014CE69 /* dindinnTests */ = {
			isa = PBXGroup;
			children = (
				60108E6426481F240014CE69 /* dindinnTests.swift */,
				60108E6626481F240014CE69 /* Info.plist */,
				60108E992648357D0014CE69 /* HeadlineServiceTest.swift */,
			);
			path = dindinnTests;
			sourceTree = "<group>";
		};
		60108E6E26481F240014CE69 /* dindinnUITests */ = {
			isa = PBXGroup;
			children = (
				60108E6F26481F240014CE69 /* dindinnUITests.swift */,
				60108E7126481F240014CE69 /* Info.plist */,
			);
			path = dindinnUITests;
			sourceTree = "<group>";
		};
		60108E882648324C0014CE69 /* Adapter */ = {
			isa = PBXGroup;
			children = (
				60108E97264835680014CE69 /* HeadlineService.swift */,
			);
			path = Adapter;
			sourceTree = "<group>";
		};
		60108E9B26483C2D0014CE69 /* Frameworks */ = {
			isa = PBXGroup;
			children = (
			);
			name = Frameworks;
			sourceTree = "<group>";
		};
/* End PBXGroup section */

/* Begin PBXNativeTarget section */
		60108E4926481F200014CE69 /* dindinn */ = {
			isa = PBXNativeTarget;
			buildConfigurationList = 60108E7426481F240014CE69 /* Build configuration list for PBXNativeTarget "dindinn" */;
			buildPhases = (
				60108E4626481F200014CE69 /* Sources */,
				60108E4726481F200014CE69 /* Frameworks */,
				60108E4826481F200014CE69 /* Resources */,
			);
			buildRules = (
			);
			dependencies = (
			);
			name = dindinn;
			packageProductDependencies = (
				60108E7E264820D80014CE69 /* RxSwift */,
				60108E82264820D80014CE69 /* RxRelay */,
				60108E84264820D80014CE69 /* RxCocoa */,
			);
			productName = dindinn;
			productReference = 60108E4A26481F200014CE69 /* dindinn.app */;
			productType = "com.apple.product-type.application";
		};
		60108E5F26481F240014CE69 /* dindinnTests */ = {
			isa = PBXNativeTarget;
			buildConfigurationList = 60108E7726481F240014CE69 /* Build configuration list for PBXNativeTarget "dindinnTests" */;
			buildPhases = (
				60108E5C26481F240014CE69 /* Sources */,
				60108E5D26481F240014CE69 /* Frameworks */,
				60108E5E26481F240014CE69 /* Resources */,
			);
			buildRules = (
			);
			dependencies = (
				60108E6226481F240014CE69 /* PBXTargetDependency */,
			);
			name = dindinnTests;
			packageProductDependencies = (
				60108E9C26483C2D0014CE69 /* RxTest */,
				60108E9E26483C320014CE69 /* RxBlocking */,
			);
			productName = dindinnTests;
			productReference = 60108E6026481F240014CE69 /* dindinnTests.xctest */;
			productType = "com.apple.product-type.bundle.unit-test";
		};
		60108E6A26481F240014CE69 /* dindinnUITests */ = {
			isa = PBXNativeTarget;
			buildConfigurationList = 60108E7A26481F240014CE69 /* Build configuration list for PBXNativeTarget "dindinnUITests" */;
			buildPhases = (
				60108E6726481F240014CE69 /* Sources */,
				60108E6826481F240014CE69 /* Frameworks */,
				60108E6926481F240014CE69 /* Resources */,
			);
			buildRules = (
			);
			dependencies = (
				60108E6D26481F240014CE69 /* PBXTargetDependency */,
			);
			name = dindinnUITests;
			productName = dindinnUITests;
			productReference = 60108E6B26481F240014CE69 /* dindinnUITests.xctest */;
			productType = "com.apple.product-type.bundle.ui-testing";
		};
/* End PBXNativeTarget section */

/* Begin PBXProject section */
		60108E4226481F200014CE69 /* Project object */ = {
			isa = PBXProject;
			attributes = {
				LastSwiftUpdateCheck = 1250;
				LastUpgradeCheck = 1250;
				TargetAttributes = {
					60108E4926481F200014CE69 = {
						CreatedOnToolsVersion = 12.5;
					};
					60108E5F26481F240014CE69 = {
						CreatedOnToolsVersion = 12.5;
						TestTargetID = 60108E4926481F200014CE69;
					};
					60108E6A26481F240014CE69 = {
						CreatedOnToolsVersion = 12.5;
						TestTargetID = 60108E4926481F200014CE69;
					};
				};
			};
			buildConfigurationList = 60108E4526481F200014CE69 /* Build configuration list for PBXProject "dindinn" */;
			compatibilityVersion = "Xcode 9.3";
			developmentRegion = en;
			hasScannedForEncodings = 0;
			knownRegions = (
				en,
				Base,
			);
			mainGroup = 60108E4126481F200014CE69;
			packageReferences = (
				60108E7D264820D80014CE69 /* XCRemoteSwiftPackageReference "RxSwift" */,
			);
			productRefGroup = 60108E4B26481F200014CE69 /* Products */;
			projectDirPath = "";
			projectRoot = "";
			targets = (
				60108E4926481F200014CE69 /* dindinn */,
				60108E5F26481F240014CE69 /* dindinnTests */,
				60108E6A26481F240014CE69 /* dindinnUITests */,
			);
		};
/* End PBXProject section */

/* Begin PBXResourcesBuildPhase section */
		60108E4826481F200014CE69 /* Resources */ = {
			isa = PBXResourcesBuildPhase;
			buildActionMask = 2147483647;
			files = (
				60108E5A26481F240014CE69 /* LaunchScreen.storyboard in Resources */,
				60108E5726481F240014CE69 /* Assets.xcassets in Resources */,
				60108E5526481F210014CE69 /* Main.storyboard in Resources */,
			);
			runOnlyForDeploymentPostprocessing = 0;
		};
		60108E5E26481F240014CE69 /* Resources */ = {
			isa = PBXResourcesBuildPhase;
			buildActionMask = 2147483647;
			files = (
			);
			runOnlyForDeploymentPostprocessing = 0;
		};
		60108E6926481F240014CE69 /* Resources */ = {
			isa = PBXResourcesBuildPhase;
			buildActionMask = 2147483647;
			files = (
			);
			runOnlyForDeploymentPostprocessing = 0;
		};
/* End PBXResourcesBuildPhase section */

/* Begin PBXSourcesBuildPhase section */
		60108E4626481F200014CE69 /* Sources */ = {
			isa = PBXSourcesBuildPhase;
			buildActionMask = 2147483647;
			files = (
				60108E5226481F200014CE69 /* ViewController.swift in Sources */,
				60108E4E26481F200014CE69 /* AppDelegate.swift in Sources */,
				60108E5026481F200014CE69 /* SceneDelegate.swift in Sources */,
				60108E98264835680014CE69 /* HeadlineService.swift in Sources */,
			);
			runOnlyForDeploymentPostprocessing = 0;
		};
		60108E5C26481F240014CE69 /* Sources */ = {
			isa = PBXSourcesBuildPhase;
			buildActionMask = 2147483647;
			files = (
				60108E6526481F240014CE69 /* dindinnTests.swift in Sources */,
				60108E9A2648357D0014CE69 /* HeadlineServiceTest.swift in Sources */,
			);
			runOnlyForDeploymentPostprocessing = 0;
		};
		60108E6726481F240014CE69 /* Sources */ = {
			isa = PBXSourcesBuildPhase;
			buildActionMask = 2147483647;
			files = (
				60108E7026481F240014CE69 /* dindinnUITests.swift in Sources */,
			);
			runOnlyForDeploymentPostprocessing = 0;
		};
/* End PBXSourcesBuildPhase section */

/* Begin PBXTargetDependency section */
		60108E6226481F240014CE69 /* PBXTargetDependency */ = {
			isa = PBXTargetDependency;
			target = 60108E4926481F200014CE69 /* dindinn */;
			targetProxy = 60108E6126481F240014CE69 /* PBXContainerItemProxy */;
		};
		60108E6D26481F240014CE69 /* PBXTargetDependency */ = {
			isa = PBXTargetDependency;
			target = 60108E4926481F200014CE69 /* dindinn */;
			targetProxy = 60108E6C26481F240014CE69 /* PBXContainerItemProxy */;
		};
/* End PBXTargetDependency section */

/* Begin PBXVariantGroup section */
		60108E5326481F210014CE69 /* Main.storyboard */ = {
			isa = PBXVariantGroup;
			children = (
				60108E5426481F210014CE69 /* Base */,
			);
			name = Main.storyboard;
			sourceTree = "<group>";
		};
		60108E5826481F240014CE69 /* LaunchScreen.storyboard */ = {
			isa = PBXVariantGroup;
			children = (
				60108E5926481F240014CE69 /* Base */,
			);
			name = LaunchScreen.storyboard;
			sourceTree = "<group>";
		};
/* End PBXVariantGroup section */

/* Begin XCBuildConfiguration section */
		60108E7226481F240014CE69 /* Debug */ = {
			isa = XCBuildConfiguration;
			buildSettings = {
				ALWAYS_SEARCH_USER_PATHS = NO;
				CLANG_ANALYZER_NONNULL = YES;
				CLANG_ANALYZER_NUMBER_OBJECT_CONVERSION = YES_AGGRESSIVE;
				CLANG_CXX_LANGUAGE_STANDARD = "gnu++14";
				CLANG_CXX_LIBRARY = "libc++";
				CLANG_ENABLE_MODULES = YES;
				CLANG_ENABLE_OBJC_ARC = YES;
				CLANG_ENABLE_OBJC_WEAK = YES;
				CLANG_WARN_BLOCK_CAPTURE_AUTORELEASING = YES;
				CLANG_WARN_BOOL_CONVERSION = YES;
				CLANG_WARN_COMMA = YES;
				CLANG_WARN_CONSTANT_CONVERSION = YES;
				CLANG_WARN_DEPRECATED_OBJC_IMPLEMENTATIONS = YES;
				CLANG_WARN_DIRECT_OBJC_ISA_USAGE = YES_ERROR;
				CLANG_WARN_DOCUMENTATION_COMMENTS = YES;
				CLANG_WARN_EMPTY_BODY = YES;
				CLANG_WARN_ENUM_CONVERSION = YES;
				CLANG_WARN_INFINITE_RECURSION = YES;
				CLANG_WARN_INT_CONVERSION = YES;
				CLANG_WARN_NON_LITERAL_NULL_CONVERSION = YES;
				CLANG_WARN_OBJC_IMPLICIT_RETAIN_SELF = YES;
				CLANG_WARN_OBJC_LITERAL_CONVERSION = YES;
				CLANG_WARN_OBJC_ROOT_CLASS = YES_ERROR;
				CLANG_WARN_QUOTED_INCLUDE_IN_FRAMEWORK_HEADER = YES;
				CLANG_WARN_RANGE_LOOP_ANALYSIS = YES;
				CLANG_WARN_STRICT_PROTOTYPES = YES;
				CLANG_WARN_SUSPICIOUS_MOVE = YES;
				CLANG_WARN_UNGUARDED_AVAILABILITY = YES_AGGRESSIVE;
				CLANG_WARN_UNREACHABLE_CODE = YES;
				CLANG_WARN__DUPLICATE_METHOD_MATCH = YES;
				COPY_PHASE_STRIP = NO;
				DEBUG_INFORMATION_FORMAT = dwarf;
				ENABLE_STRICT_OBJC_MSGSEND = YES;
				ENABLE_TESTABILITY = YES;
				GCC_C_LANGUAGE_STANDARD = gnu11;
				GCC_DYNAMIC_NO_PIC = NO;
				GCC_NO_COMMON_BLOCKS = YES;
				GCC_OPTIMIZATION_LEVEL = 0;
				GCC_PREPROCESSOR_DEFINITIONS = (
					"DEBUG=1",
					"$(inherited)",
				);
				GCC_WARN_64_TO_32_BIT_CONVERSION = YES;
				GCC_WARN_ABOUT_RETURN_TYPE = YES_ERROR;
				GCC_WARN_UNDECLARED_SELECTOR = YES;
				GCC_WARN_UNINITIALIZED_AUTOS = YES_AGGRESSIVE;
				GCC_WARN_UNUSED_FUNCTION = YES;
				GCC_WARN_UNUSED_VARIABLE = YES;
				IPHONEOS_DEPLOYMENT_TARGET = 14.5;
				MTL_ENABLE_DEBUG_INFO = INCLUDE_SOURCE;
				MTL_FAST_MATH = YES;
				ONLY_ACTIVE_ARCH = YES;
				SDKROOT = iphoneos;
				SWIFT_ACTIVE_COMPILATION_CONDITIONS = DEBUG;
				SWIFT_OPTIMIZATION_LEVEL = "-Onone";
			};
			name = Debug;
		};
		60108E7326481F240014CE69 /* Release */ = {
			isa = XCBuildConfiguration;
			buildSettings = {
				ALWAYS_SEARCH_USER_PATHS = NO;
				CLANG_ANALYZER_NONNULL = YES;
				CLANG_ANALYZER_NUMBER_OBJECT_CONVERSION = YES_AGGRESSIVE;
				CLANG_CXX_LANGUAGE_STANDARD = "gnu++14";
				CLANG_CXX_LIBRARY = "libc++";
				CLANG_ENABLE_MODULES = YES;
				CLANG_ENABLE_OBJC_ARC = YES;
				CLANG_ENABLE_OBJC_WEAK = YES;
				CLANG_WARN_BLOCK_CAPTURE_AUTORELEASING = YES;
				CLANG_WARN_BOOL_CONVERSION = YES;
				CLANG_WARN_COMMA = YES;
				CLANG_WARN_CONSTANT_CONVERSION = YES;
				CLANG_WARN_DEPRECATED_OBJC_IMPLEMENTATIONS = YES;
				CLANG_WARN_DIRECT_OBJC_ISA_USAGE = YES_ERROR;
				CLANG_WARN_DOCUMENTATION_COMMENTS = YES;
				CLANG_WARN_EMPTY_BODY = YES;
				CLANG_WARN_ENUM_CONVERSION = YES;
				CLANG_WARN_INFINITE_RECURSION = YES;
				CLANG_WARN_INT_CONVERSION = YES;
				CLANG_WARN_NON_LITERAL_NULL_CONVERSION = YES;
				CLANG_WARN_OBJC_IMPLICIT_RETAIN_SELF = YES;
				CLANG_WARN_OBJC_LITERAL_CONVERSION = YES;
				CLANG_WARN_OBJC_ROOT_CLASS = YES_ERROR;
				CLANG_WARN_QUOTED_INCLUDE_IN_FRAMEWORK_HEADER = YES;
				CLANG_WARN_RANGE_LOOP_ANALYSIS = YES;
				CLANG_WARN_STRICT_PROTOTYPES = YES;
				CLANG_WARN_SUSPICIOUS_MOVE = YES;
				CLANG_WARN_UNGUARDED_AVAILABILITY = YES_AGGRESSIVE;
				CLANG_WARN_UNREACHABLE_CODE = YES;
				CLANG_WARN__DUPLICATE_METHOD_MATCH = YES;
				COPY_PHASE_STRIP = NO;
				DEBUG_INFORMATION_FORMAT = "dwarf-with-dsym";
				ENABLE_NS_ASSERTIONS = NO;
				ENABLE_STRICT_OBJC_MSGSEND = YES;
				GCC_C_LANGUAGE_STANDARD = gnu11;
				GCC_NO_COMMON_BLOCKS = YES;
				GCC_WARN_64_TO_32_BIT_CONVERSION = YES;
				GCC_WARN_ABOUT_RETURN_TYPE = YES_ERROR;
				GCC_WARN_UNDECLARED_SELECTOR = YES;
				GCC_WARN_UNINITIALIZED_AUTOS = YES_AGGRESSIVE;
				GCC_WARN_UNUSED_FUNCTION = YES;
				GCC_WARN_UNUSED_VARIABLE = YES;
				IPHONEOS_DEPLOYMENT_TARGET = 14.5;
				MTL_ENABLE_DEBUG_INFO = NO;
				MTL_FAST_MATH = YES;
				SDKROOT = iphoneos;
				SWIFT_COMPILATION_MODE = wholemodule;
				SWIFT_OPTIMIZATION_LEVEL = "-O";
				VALIDATE_PRODUCT = YES;
			};
			name = Release;
		};
		60108E7526481F240014CE69 /* Debug */ = {
			isa = XCBuildConfiguration;
			buildSettings = {
				ASSETCATALOG_COMPILER_APPICON_NAME = AppIcon;
				ASSETCATALOG_COMPILER_GLOBAL_ACCENT_COLOR_NAME = AccentColor;
				CODE_SIGN_STYLE = Automatic;
				INFOPLIST_FILE = dindinn/Info.plist;
				LD_RUNPATH_SEARCH_PATHS = (
					"$(inherited)",
					"@executable_path/Frameworks",
				);
				PRODUCT_BUNDLE_IDENTIFIER = com.dz.dindinn;
				PRODUCT_NAME = "$(TARGET_NAME)";
				SWIFT_VERSION = 5.0;
				TARGETED_DEVICE_FAMILY = "1,2";
			};
			name = Debug;
		};
		60108E7626481F240014CE69 /* Release */ = {
			isa = XCBuildConfiguration;
			buildSettings = {
				ASSETCATALOG_COMPILER_APPICON_NAME = AppIcon;
				ASSETCATALOG_COMPILER_GLOBAL_ACCENT_COLOR_NAME = AccentColor;
				CODE_SIGN_STYLE = Automatic;
				INFOPLIST_FILE = dindinn/Info.plist;
				LD_RUNPATH_SEARCH_PATHS = (
					"$(inherited)",
					"@executable_path/Frameworks",
				);
				PRODUCT_BUNDLE_IDENTIFIER = com.dz.dindinn;
				PRODUCT_NAME = "$(TARGET_NAME)";
				SWIFT_VERSION = 5.0;
				TARGETED_DEVICE_FAMILY = "1,2";
			};
			name = Release;
		};
		60108E7826481F240014CE69 /* Debug */ = {
			isa = XCBuildConfiguration;
			buildSettings = {
				ALWAYS_EMBED_SWIFT_STANDARD_LIBRARIES = YES;
				BUNDLE_LOADER = "$(TEST_HOST)";
				CODE_SIGN_STYLE = Automatic;
				INFOPLIST_FILE = dindinnTests/Info.plist;
				IPHONEOS_DEPLOYMENT_TARGET = 14.5;
				LD_RUNPATH_SEARCH_PATHS = (
					"$(inherited)",
					"@executable_path/Frameworks",
					"@loader_path/Frameworks",
				);
				PRODUCT_BUNDLE_IDENTIFIER = com.dz.dindinnTests;
				PRODUCT_NAME = "$(TARGET_NAME)";
				SWIFT_VERSION = 5.0;
				TARGETED_DEVICE_FAMILY = "1,2";
				TEST_HOST = "$(BUILT_PRODUCTS_DIR)/dindinn.app/dindinn";
			};
			name = Debug;
		};
		60108E7926481F240014CE69 /* Release */ = {
			isa = XCBuildConfiguration;
			buildSettings = {
				ALWAYS_EMBED_SWIFT_STANDARD_LIBRARIES = YES;
				BUNDLE_LOADER = "$(TEST_HOST)";
				CODE_SIGN_STYLE = Automatic;
				INFOPLIST_FILE = dindinnTests/Info.plist;
				IPHONEOS_DEPLOYMENT_TARGET = 14.5;
				LD_RUNPATH_SEARCH_PATHS = (
					"$(inherited)",
					"@executable_path/Frameworks",
					"@loader_path/Frameworks",
				);
				PRODUCT_BUNDLE_IDENTIFIER = com.dz.dindinnTests;
				PRODUCT_NAME = "$(TARGET_NAME)";
				SWIFT_VERSION = 5.0;
				TARGETED_DEVICE_FAMILY = "1,2";
				TEST_HOST = "$(BUILT_PRODUCTS_DIR)/dindinn.app/dindinn";
			};
			name = Release;
		};
		60108E7B26481F240014CE69 /* Debug */ = {
			isa = XCBuildConfiguration;
			buildSettings = {
				ALWAYS_EMBED_SWIFT_STANDARD_LIBRARIES = YES;
				CODE_SIGN_STYLE = Automatic;
				INFOPLIST_FILE = dindinnUITests/Info.plist;
				LD_RUNPATH_SEARCH_PATHS = (
					"$(inherited)",
					"@executable_path/Frameworks",
					"@loader_path/Frameworks",
				);
				PRODUCT_BUNDLE_IDENTIFIER = com.dz.dindinnUITests;
				PRODUCT_NAME = "$(TARGET_NAME)";
				SWIFT_VERSION = 5.0;
				TARGETED_DEVICE_FAMILY = "1,2";
				TEST_TARGET_NAME = dindinn;
			};
			name = Debug;
		};
		60108E7C26481F240014CE69 /* Release */ = {
			isa = XCBuildConfiguration;
			buildSettings = {
				ALWAYS_EMBED_SWIFT_STANDARD_LIBRARIES = YES;
				CODE_SIGN_STYLE = Automatic;
				INFOPLIST_FILE = dindinnUITests/Info.plist;
				LD_RUNPATH_SEARCH_PATHS = (
					"$(inherited)",
					"@executable_path/Frameworks",
					"@loader_path/Frameworks",
				);
				PRODUCT_BUNDLE_IDENTIFIER = com.dz.dindinnUITests;
				PRODUCT_NAME = "$(TARGET_NAME)";
				SWIFT_VERSION = 5.0;
				TARGETED_DEVICE_FAMILY = "1,2";
				TEST_TARGET_NAME = dindinn;
			};
			name = Release;
		};
/* End XCBuildConfiguration section */

/* Begin XCConfigurationList section */
		60108E4526481F200014CE69 /* Build configuration list for PBXProject "dindinn" */ = {
			isa = XCConfigurationList;
			buildConfigurations = (
				60108E7226481F240014CE69 /* Debug */,
				60108E7326481F240014CE69 /* Release */,
			);
			defaultConfigurationIsVisible = 0;
			defaultConfigurationName = Release;
		};
		60108E7426481F240014CE69 /* Build configuration list for PBXNativeTarget "dindinn" */ = {
			isa = XCConfigurationList;
			buildConfigurations = (
				60108E7526481F240014CE69 /* Debug */,
				60108E7626481F240014CE69 /* Release */,
			);
			defaultConfigurationIsVisible = 0;
			defaultConfigurationName = Release;
		};
		60108E7726481F240014CE69 /* Build configuration list for PBXNativeTarget "dindinnTests" */ = {
			isa = XCConfigurationList;
			buildConfigurations = (
				60108E7826481F240014CE69 /* Debug */,
				60108E7926481F240014CE69 /* Release */,
			);
			defaultConfigurationIsVisible = 0;
			defaultConfigurationName = Release;
		};
		60108E7A26481F240014CE69 /* Build configuration list for PBXNativeTarget "dindinnUITests" */ = {
			isa = XCConfigurationList;
			buildConfigurations = (
				60108E7B26481F240014CE69 /* Debug */,
				60108E7C26481F240014CE69 /* Release */,
			);
			defaultConfigurationIsVisible = 0;
			defaultConfigurationName = Release;
		};
/* End XCConfigurationList section */

/* Begin XCRemoteSwiftPackageReference section */
		60108E7D264820D80014CE69 /* XCRemoteSwiftPackageReference "RxSwift" */ = {
			isa = XCRemoteSwiftPackageReference;
			repositoryURL = "https://github.com/ReactiveX/RxSwift.git";
			requirement = {
				kind = upToNextMajorVersion;
				minimumVersion = 6.2.0;
			};
		};
/* End XCRemoteSwiftPackageReference section */

/* Begin XCSwiftPackageProductDependency section */
		60108E7E264820D80014CE69 /* RxSwift */ = {
			isa = XCSwiftPackageProductDependency;
			package = 60108E7D264820D80014CE69 /* XCRemoteSwiftPackageReference "RxSwift" */;
			productName = RxSwift;
		};
		60108E82264820D80014CE69 /* RxRelay */ = {
			isa = XCSwiftPackageProductDependency;
			package = 60108E7D264820D80014CE69 /* XCRemoteSwiftPackageReference "RxSwift" */;
			productName = RxRelay;
		};
		60108E84264820D80014CE69 /* RxCocoa */ = {
			isa = XCSwiftPackageProductDependency;
			package = 60108E7D264820D80014CE69 /* XCRemoteSwiftPackageReference "RxSwift" */;
			productName = RxCocoa;
		};
		60108E9C26483C2D0014CE69 /* RxTest */ = {
			isa = XCSwiftPackageProductDependency;
			package = 60108E7D264820D80014CE69 /* XCRemoteSwiftPackageReference "RxSwift" */;
			productName = RxTest;
		};
		60108E9E26483C320014CE69 /* RxBlocking */ = {
			isa = XCSwiftPackageProductDependency;
			package = 60108E7D264820D80014CE69 /* XCRemoteSwiftPackageReference "RxSwift" */;
			productName = RxBlocking;
		};
/* End XCSwiftPackageProductDependency section */
	};
	rootObject = 60108E4226481F200014CE69 /* Project object */;
}
